// !$*UTF8*$!
{
	archiveVersion = 1;
	classes = {
	};
	objectVersion = 46;
	objects = {

/* Begin PBXBuildFile section */
		C306B0A61594777D00CDACCD /* imgupload.m in Sources */ = {isa = PBXBuildFile; fileRef = C306B0A41594777D00CDACCD /* imgupload.m */; };
		C306B0A71594777D00CDACCD /* imgupload.xib in Resources */ = {isa = PBXBuildFile; fileRef = C306B0A51594777D00CDACCD /* imgupload.xib */; };
		C31BA40F1584ED77002C5DC6 /* CustomCell.m in Sources */ = {isa = PBXBuildFile; fileRef = C31BA40D1584ED77002C5DC6 /* CustomCell.m */; };
		C31BA4101584ED77002C5DC6 /* CustomCell.xib in Resources */ = {isa = PBXBuildFile; fileRef = C31BA40E1584ED77002C5DC6 /* CustomCell.xib */; };
		C33A57C515B5A6C800233621 /* FBiOSSDK.framework in Frameworks */ = {isa = PBXBuildFile; fileRef = C33A57C415B5A6C800233621 /* FBiOSSDK.framework */; };
		C33A57C815B5A6D000233621 /* FBiOSSDKResources.bundle in Resources */ = {isa = PBXBuildFile; fileRef = C33A57C715B5A6D000233621 /* FBiOSSDKResources.bundle */; };
		C33A57CA15B5A82200233621 /* libsqlite3.0.dylib in Frameworks */ = {isa = PBXBuildFile; fileRef = C33A57C915B5A82200233621 /* libsqlite3.0.dylib */; };
		C349790F159FE3FB00C86F6A /* MessageUI.framework in Frameworks */ = {isa = PBXBuildFile; fileRef = C349790E159FE3FB00C86F6A /* MessageUI.framework */; };
		C3738E1C15A4A27200AAC92E /* libGoogleAdMobAds.a in Frameworks */ = {isa = PBXBuildFile; fileRef = C3738E1315A4A27200AAC92E /* libGoogleAdMobAds.a */; };
		C3738E1D15A4A27200AAC92E /* README.txt in Resources */ = {isa = PBXBuildFile; fileRef = C3738E1B15A4A27200AAC92E /* README.txt */; };
		C3738E1E15A4A73300AAC92E /* icon2x.png in Resources */ = {isa = PBXBuildFile; fileRef = C3EAFD1F159B668200274481 /* icon2x.png */; };
		C38CEFC015B2F6B800EA08F0 /* AudioToolbox.framework in Frameworks */ = {isa = PBXBuildFile; fileRef = C38CEFBF15B2F6B800EA08F0 /* AudioToolbox.framework */; };
		C38CEFC415B2F74700EA08F0 /* SystemConfiguration.framework in Frameworks */ = {isa = PBXBuildFile; fileRef = C38CEFC315B2F74700EA08F0 /* SystemConfiguration.framework */; };
		C3A1521615722A7D006590AF /* NSObject+SBJson.m in Sources */ = {isa = PBXBuildFile; fileRef = C3A151FE15722A7C006590AF /* NSObject+SBJson.m */; };
		C3A1521715722A7D006590AF /* SBJsonParser.m in Sources */ = {isa = PBXBuildFile; fileRef = C3A1520115722A7C006590AF /* SBJsonParser.m */; };
		C3A1521815722A7D006590AF /* SBJsonStreamParser.m in Sources */ = {isa = PBXBuildFile; fileRef = C3A1520315722A7C006590AF /* SBJsonStreamParser.m */; };
		C3A1521915722A7D006590AF /* SBJsonStreamParserAccumulator.m in Sources */ = {isa = PBXBuildFile; fileRef = C3A1520515722A7C006590AF /* SBJsonStreamParserAccumulator.m */; };
		C3A1521A15722A7D006590AF /* SBJsonStreamParserAdapter.m in Sources */ = {isa = PBXBuildFile; fileRef = C3A1520715722A7C006590AF /* SBJsonStreamParserAdapter.m */; };
		C3A1521B15722A7D006590AF /* SBJsonStreamParserState.m in Sources */ = {isa = PBXBuildFile; fileRef = C3A1520915722A7C006590AF /* SBJsonStreamParserState.m */; };
		C3A1521C15722A7D006590AF /* SBJsonStreamWriter.m in Sources */ = {isa = PBXBuildFile; fileRef = C3A1520B15722A7C006590AF /* SBJsonStreamWriter.m */; };
		C3A1521D15722A7D006590AF /* SBJsonStreamWriterAccumulator.m in Sources */ = {isa = PBXBuildFile; fileRef = C3A1520D15722A7C006590AF /* SBJsonStreamWriterAccumulator.m */; };
		C3A1521E15722A7D006590AF /* SBJsonStreamWriterState.m in Sources */ = {isa = PBXBuildFile; fileRef = C3A1520F15722A7C006590AF /* SBJsonStreamWriterState.m */; };
		C3A1521F15722A7D006590AF /* SBJsonTokeniser.m in Sources */ = {isa = PBXBuildFile; fileRef = C3A1521115722A7D006590AF /* SBJsonTokeniser.m */; };
		C3A1522015722A7D006590AF /* SBJsonUTF8Stream.m in Sources */ = {isa = PBXBuildFile; fileRef = C3A1521315722A7D006590AF /* SBJsonUTF8Stream.m */; };
		C3A1522115722A7D006590AF /* SBJsonWriter.m in Sources */ = {isa = PBXBuildFile; fileRef = C3A1521515722A7D006590AF /* SBJsonWriter.m */; };
		C3A4DD2D15935A2F0041EF5D /* MCApiQuery.m in Sources */ = {isa = PBXBuildFile; fileRef = C3A4DD2C15935A2F0041EF5D /* MCApiQuery.m */; };
		C3A6F14015B4432000E29085 /* luach.psd in Resources */ = {isa = PBXBuildFile; fileRef = C3A6F13F15B4432000E29085 /* luach.psd */; };
		C3BEA72915956C8D009B5F73 /* luach.png in Resources */ = {isa = PBXBuildFile; fileRef = C3BEA72715956C8D009B5F73 /* luach.png */; };
		C3C66F12159A050100939ADB /* infomation.m in Sources */ = {isa = PBXBuildFile; fileRef = C3C66F10159A050100939ADB /* infomation.m */; };
		C3C66F13159A050100939ADB /* infomation.xib in Resources */ = {isa = PBXBuildFile; fileRef = C3C66F11159A050100939ADB /* infomation.xib */; };
		C3C7F23E156C7917004A7DA6 /* UIKit.framework in Frameworks */ = {isa = PBXBuildFile; fileRef = C3C7F23D156C7917004A7DA6 /* UIKit.framework */; };
		C3C7F240156C7917004A7DA6 /* Foundation.framework in Frameworks */ = {isa = PBXBuildFile; fileRef = C3C7F23F156C7917004A7DA6 /* Foundation.framework */; };
		C3C7F242156C7917004A7DA6 /* CoreGraphics.framework in Frameworks */ = {isa = PBXBuildFile; fileRef = C3C7F241156C7917004A7DA6 /* CoreGraphics.framework */; };
		C3C7F248156C7917004A7DA6 /* InfoPlist.strings in Resources */ = {isa = PBXBuildFile; fileRef = C3C7F246156C7917004A7DA6 /* InfoPlist.strings */; };
		C3C7F24A156C7917004A7DA6 /* main.m in Sources */ = {isa = PBXBuildFile; fileRef = C3C7F249156C7917004A7DA6 /* main.m */; };
		C3C7F24E156C7917004A7DA6 /* AppDelegate.m in Sources */ = {isa = PBXBuildFile; fileRef = C3C7F24D156C7917004A7DA6 /* AppDelegate.m */; };
		C3C7F251156C7917004A7DA6 /* ViewController.m in Sources */ = {isa = PBXBuildFile; fileRef = C3C7F250156C7917004A7DA6 /* ViewController.m */; };
		C3C7F254156C7917004A7DA6 /* ViewController.xib in Resources */ = {isa = PBXBuildFile; fileRef = C3C7F252156C7917004A7DA6 /* ViewController.xib */; };
		C3CAFA9615B644620052844E /* HFViewController.m in Sources */ = {isa = PBXBuildFile; fileRef = C3CAFA9515B644620052844E /* HFViewController.m */; };
		C3CAFA9815B6446C0052844E /* HFViewController.xib in Resources */ = {isa = PBXBuildFile; fileRef = C3CAFA9715B6446B0052844E /* HFViewController.xib */; };
		C3CAFA9B15B647320052844E /* GlobalVar.m in Sources */ = {isa = PBXBuildFile; fileRef = C3CAFA9A15B647320052844E /* GlobalVar.m */; };
		C3CB76F315B7C76800292B48 /* StoreKit.framework in Frameworks */ = {isa = PBXBuildFile; fileRef = C3CB76F215B7C76800292B48 /* StoreKit.framework */; };
		C3CFF505158C97EB00F611C6 /* WebPictureViewController.m in Sources */ = {isa = PBXBuildFile; fileRef = C3CFF4FE158C8E0200F611C6 /* WebPictureViewController.m */; };
		C3CFF506158C97EB00F611C6 /* WebPictureViewController.xib in Sources */ = {isa = PBXBuildFile; fileRef = C3CFF4FF158C8E0200F611C6 /* WebPictureViewController.xib */; };
		C3CFF507158C97EB00F611C6 /* WebPictureViewController.h in Sources */ = {isa = PBXBuildFile; fileRef = C3CFF500158C8E0200F611C6 /* WebPictureViewController.h */; };
		C3CFF508158C97FF00F611C6 /* Downloader.h in Sources */ = {isa = PBXBuildFile; fileRef = C3CFF4FB158C8D4D00F611C6 /* Downloader.h */; };
		C3CFF509158C97FF00F611C6 /* Downloader.m in Sources */ = {isa = PBXBuildFile; fileRef = C3CFF4FC158C8D4D00F611C6 /* Downloader.m */; };
		C3E1C92415B2D6F3006815A6 /* AppRecord.m in Sources */ = {isa = PBXBuildFile; fileRef = C3E1C92115B2D6F3006815A6 /* AppRecord.m */; };
		C3E1C92515B2D6F3006815A6 /* IconDownloader.m in Sources */ = {isa = PBXBuildFile; fileRef = C3E1C92315B2D6F3006815A6 /* IconDownloader.m */; };
		C3E517B21583474200227661 /* TableViewController.m in Sources */ = {isa = PBXBuildFile; fileRef = C3E517B01583474200227661 /* TableViewController.m */; };
		C3E517B31583474200227661 /* TableViewController.xib in Resources */ = {isa = PBXBuildFile; fileRef = C3E517B11583474200227661 /* TableViewController.xib */; };
		C3E517B415834DC100227661 /* httpaddress.h in Sources */ = {isa = PBXBuildFile; fileRef = C3E5176415833F4C00227661 /* httpaddress.h */; };
		C3E517B515834DC100227661 /* httpaddress.m in Sources */ = {isa = PBXBuildFile; fileRef = C3E5176515833F4C00227661 /* httpaddress.m */; };
		C3E7A55715ABFA290002691E /* ImageManipulator2.m in Sources */ = {isa = PBXBuildFile; fileRef = C3E7A55615ABFA290002691E /* ImageManipulator2.m */; };
		C3E8424B158C6C7D002C047A /* MBProgressHUD.m in Sources */ = {isa = PBXBuildFile; fileRef = C3E8424A158C6C7D002C047A /* MBProgressHUD.m */; };
		C3EAFD0A159B484F00274481 /* main.png in Resources */ = {isa = PBXBuildFile; fileRef = C3EAFD09159B484F00274481 /* main.png */; };
		C3EAFD0C159B48D700274481 /* luach@X2.png in Resources */ = {isa = PBXBuildFile; fileRef = C3EAFD0B159B48D700274481 /* luach@X2.png */; };
		C3EAFD16159B664A00274481 /* 320.png in Resources */ = {isa = PBXBuildFile; fileRef = C3EAFD15159B664A00274481 /* 320.png */; };
		C3EAFD18159B666000274481 /* 배경바꿔_아이튠즈_512.png in Resources */ = {isa = PBXBuildFile; fileRef = C3EAFD17159B666000274481 /* 배경바꿔_아이튠즈_512.png */; };
		C3EAFD1C159B667900274481 /* Default.png in Resources */ = {isa = PBXBuildFile; fileRef = C3EAFD1B159B667900274481 /* Default.png */; };
		C3EAFD1E159B667C00274481 /* Default@2x.png in Resources */ = {isa = PBXBuildFile; fileRef = C3EAFD1D159B667C00274481 /* Default@2x.png */; };
		C3EAFD24159B66F200274481 /* icon.png in Resources */ = {isa = PBXBuildFile; fileRef = C3EAFD23159B66F200274481 /* icon.png */; };
/* End PBXBuildFile section */

/* Begin PBXFileReference section */
		C306B0A31594777D00CDACCD /* imgupload.h */ = {isa = PBXFileReference; fileEncoding = 4; lastKnownFileType = sourcecode.c.h; name = imgupload.h; path = ../imgupload.h; sourceTree = "<group>"; };
		C306B0A41594777D00CDACCD /* imgupload.m */ = {isa = PBXFileReference; fileEncoding = 4; lastKnownFileType = sourcecode.c.objc; name = imgupload.m; path = ../imgupload.m; sourceTree = "<group>"; };
		C306B0A51594777D00CDACCD /* imgupload.xib */ = {isa = PBXFileReference; fileEncoding = 4; lastKnownFileType = file.xib; name = imgupload.xib; path = ../imgupload.xib; sourceTree = "<group>"; };
		C31BA40C1584ED77002C5DC6 /* CustomCell.h */ = {isa = PBXFileReference; fileEncoding = 4; lastKnownFileType = sourcecode.c.h; path = CustomCell.h; sourceTree = "<group>"; };
		C31BA40D1584ED77002C5DC6 /* CustomCell.m */ = {isa = PBXFileReference; fileEncoding = 4; lastKnownFileType = sourcecode.c.objc; path = CustomCell.m; sourceTree = "<group>"; };
		C31BA40E1584ED77002C5DC6 /* CustomCell.xib */ = {isa = PBXFileReference; fileEncoding = 4; lastKnownFileType = file.xib; path = CustomCell.xib; sourceTree = "<group>"; };
		C33A57C415B5A6C800233621 /* FBiOSSDK.framework */ = {isa = PBXFileReference; lastKnownFileType = wrapper.framework; name = FBiOSSDK.framework; path = BackGroundImg/Library/FBiOSSDK.framework; sourceTree = "<group>"; };
		C33A57C715B5A6D000233621 /* FBiOSSDKResources.bundle */ = {isa = PBXFileReference; lastKnownFileType = "wrapper.plug-in"; name = FBiOSSDKResources.bundle; path = BackGroundImg/Library/FBiOSSDK.framework/Versions/A/Resources/FBiOSSDKResources.bundle; sourceTree = "<group>"; };
		C33A57C915B5A82200233621 /* libsqlite3.0.dylib */ = {isa = PBXFileReference; lastKnownFileType = "compiled.mach-o.dylib"; name = libsqlite3.0.dylib; path = usr/lib/libsqlite3.0.dylib; sourceTree = SDKROOT; };
		C349790E159FE3FB00C86F6A /* MessageUI.framework */ = {isa = PBXFileReference; lastKnownFileType = wrapper.framework; name = MessageUI.framework; path = System/Library/Frameworks/MessageUI.framework; sourceTree = SDKROOT; };
		C3738E0A15A4A27200AAC92E /* GADAdMobExtras.h */ = {isa = PBXFileReference; fileEncoding = 4; lastKnownFileType = sourcecode.c.h; path = GADAdMobExtras.h; sourceTree = "<group>"; };
		C3738E0B15A4A27200AAC92E /* GADAdNetworkExtras.h */ = {isa = PBXFileReference; fileEncoding = 4; lastKnownFileType = sourcecode.c.h; path = GADAdNetworkExtras.h; sourceTree = "<group>"; };
		C3738E0C15A4A27200AAC92E /* GADAdSize.h */ = {isa = PBXFileReference; fileEncoding = 4; lastKnownFileType = sourcecode.c.h; path = GADAdSize.h; sourceTree = "<group>"; };
		C3738E0D15A4A27200AAC92E /* GADBannerView.h */ = {isa = PBXFileReference; fileEncoding = 4; lastKnownFileType = sourcecode.c.h; path = GADBannerView.h; sourceTree = "<group>"; };
		C3738E0E15A4A27200AAC92E /* GADBannerViewDelegate.h */ = {isa = PBXFileReference; fileEncoding = 4; lastKnownFileType = sourcecode.c.h; path = GADBannerViewDelegate.h; sourceTree = "<group>"; };
		C3738E0F15A4A27200AAC92E /* GADInterstitial.h */ = {isa = PBXFileReference; fileEncoding = 4; lastKnownFileType = sourcecode.c.h; path = GADInterstitial.h; sourceTree = "<group>"; };
		C3738E1015A4A27200AAC92E /* GADInterstitialDelegate.h */ = {isa = PBXFileReference; fileEncoding = 4; lastKnownFileType = sourcecode.c.h; path = GADInterstitialDelegate.h; sourceTree = "<group>"; };
		C3738E1115A4A27200AAC92E /* GADRequest.h */ = {isa = PBXFileReference; fileEncoding = 4; lastKnownFileType = sourcecode.c.h; path = GADRequest.h; sourceTree = "<group>"; };
		C3738E1215A4A27200AAC92E /* GADRequestError.h */ = {isa = PBXFileReference; fileEncoding = 4; lastKnownFileType = sourcecode.c.h; path = GADRequestError.h; sourceTree = "<group>"; };
		C3738E1315A4A27200AAC92E /* libGoogleAdMobAds.a */ = {isa = PBXFileReference; lastKnownFileType = archive.ar; path = libGoogleAdMobAds.a; sourceTree = "<group>"; };
		C3738E1515A4A27200AAC92E /* GADCustomEventBanner.h */ = {isa = PBXFileReference; fileEncoding = 4; lastKnownFileType = sourcecode.c.h; path = GADCustomEventBanner.h; sourceTree = "<group>"; };
		C3738E1615A4A27200AAC92E /* GADCustomEventBannerDelegate.h */ = {isa = PBXFileReference; fileEncoding = 4; lastKnownFileType = sourcecode.c.h; path = GADCustomEventBannerDelegate.h; sourceTree = "<group>"; };
		C3738E1715A4A27200AAC92E /* GADCustomEventExtras.h */ = {isa = PBXFileReference; fileEncoding = 4; lastKnownFileType = sourcecode.c.h; path = GADCustomEventExtras.h; sourceTree = "<group>"; };
		C3738E1815A4A27200AAC92E /* GADCustomEventInterstitial.h */ = {isa = PBXFileReference; fileEncoding = 4; lastKnownFileType = sourcecode.c.h; path = GADCustomEventInterstitial.h; sourceTree = "<group>"; };
		C3738E1915A4A27200AAC92E /* GADCustomEventInterstitialDelegate.h */ = {isa = PBXFileReference; fileEncoding = 4; lastKnownFileType = sourcecode.c.h; path = GADCustomEventInterstitialDelegate.h; sourceTree = "<group>"; };
		C3738E1A15A4A27200AAC92E /* GADCustomEventRequest.h */ = {isa = PBXFileReference; fileEncoding = 4; lastKnownFileType = sourcecode.c.h; path = GADCustomEventRequest.h; sourceTree = "<group>"; };
		C3738E1B15A4A27200AAC92E /* README.txt */ = {isa = PBXFileReference; fileEncoding = 4; lastKnownFileType = text; path = README.txt; sourceTree = "<group>"; };
		C38CEFBF15B2F6B800EA08F0 /* AudioToolbox.framework */ = {isa = PBXFileReference; lastKnownFileType = wrapper.framework; name = AudioToolbox.framework; path = System/Library/Frameworks/AudioToolbox.framework; sourceTree = SDKROOT; };
		C38CEFC315B2F74700EA08F0 /* SystemConfiguration.framework */ = {isa = PBXFileReference; lastKnownFileType = wrapper.framework; name = SystemConfiguration.framework; path = System/Library/Frameworks/SystemConfiguration.framework; sourceTree = SDKROOT; };
		C3A151FD15722A7C006590AF /* NSObject+SBJson.h */ = {isa = PBXFileReference; fileEncoding = 4; lastKnownFileType = sourcecode.c.h; path = "NSObject+SBJson.h"; sourceTree = "<group>"; };
		C3A151FE15722A7C006590AF /* NSObject+SBJson.m */ = {isa = PBXFileReference; fileEncoding = 4; lastKnownFileType = sourcecode.c.objc; path = "NSObject+SBJson.m"; sourceTree = "<group>"; };
		C3A151FF15722A7C006590AF /* SBJson.h */ = {isa = PBXFileReference; fileEncoding = 4; lastKnownFileType = sourcecode.c.h; path = SBJson.h; sourceTree = "<group>"; };
		C3A1520015722A7C006590AF /* SBJsonParser.h */ = {isa = PBXFileReference; fileEncoding = 4; lastKnownFileType = sourcecode.c.h; path = SBJsonParser.h; sourceTree = "<group>"; };
		C3A1520115722A7C006590AF /* SBJsonParser.m */ = {isa = PBXFileReference; fileEncoding = 4; lastKnownFileType = sourcecode.c.objc; path = SBJsonParser.m; sourceTree = "<group>"; };
		C3A1520215722A7C006590AF /* SBJsonStreamParser.h */ = {isa = PBXFileReference; fileEncoding = 4; lastKnownFileType = sourcecode.c.h; path = SBJsonStreamParser.h; sourceTree = "<group>"; };
		C3A1520315722A7C006590AF /* SBJsonStreamParser.m */ = {isa = PBXFileReference; fileEncoding = 4; lastKnownFileType = sourcecode.c.objc; path = SBJsonStreamParser.m; sourceTree = "<group>"; };
		C3A1520415722A7C006590AF /* SBJsonStreamParserAccumulator.h */ = {isa = PBXFileReference; fileEncoding = 4; lastKnownFileType = sourcecode.c.h; path = SBJsonStreamParserAccumulator.h; sourceTree = "<group>"; };
		C3A1520515722A7C006590AF /* SBJsonStreamParserAccumulator.m */ = {isa = PBXFileReference; fileEncoding = 4; lastKnownFileType = sourcecode.c.objc; path = SBJsonStreamParserAccumulator.m; sourceTree = "<group>"; };
		C3A1520615722A7C006590AF /* SBJsonStreamParserAdapter.h */ = {isa = PBXFileReference; fileEncoding = 4; lastKnownFileType = sourcecode.c.h; path = SBJsonStreamParserAdapter.h; sourceTree = "<group>"; };
		C3A1520715722A7C006590AF /* SBJsonStreamParserAdapter.m */ = {isa = PBXFileReference; fileEncoding = 4; lastKnownFileType = sourcecode.c.objc; path = SBJsonStreamParserAdapter.m; sourceTree = "<group>"; };
		C3A1520815722A7C006590AF /* SBJsonStreamParserState.h */ = {isa = PBXFileReference; fileEncoding = 4; lastKnownFileType = sourcecode.c.h; path = SBJsonStreamParserState.h; sourceTree = "<group>"; };
		C3A1520915722A7C006590AF /* SBJsonStreamParserState.m */ = {isa = PBXFileReference; fileEncoding = 4; lastKnownFileType = sourcecode.c.objc; path = SBJsonStreamParserState.m; sourceTree = "<group>"; };
		C3A1520A15722A7C006590AF /* SBJsonStreamWriter.h */ = {isa = PBXFileReference; fileEncoding = 4; lastKnownFileType = sourcecode.c.h; path = SBJsonStreamWriter.h; sourceTree = "<group>"; };
		C3A1520B15722A7C006590AF /* SBJsonStreamWriter.m */ = {isa = PBXFileReference; fileEncoding = 4; lastKnownFileType = sourcecode.c.objc; path = SBJsonStreamWriter.m; sourceTree = "<group>"; };
		C3A1520C15722A7C006590AF /* SBJsonStreamWriterAccumulator.h */ = {isa = PBXFileReference; fileEncoding = 4; lastKnownFileType = sourcecode.c.h; path = SBJsonStreamWriterAccumulator.h; sourceTree = "<group>"; };
		C3A1520D15722A7C006590AF /* SBJsonStreamWriterAccumulator.m */ = {isa = PBXFileReference; fileEncoding = 4; lastKnownFileType = sourcecode.c.objc; path = SBJsonStreamWriterAccumulator.m; sourceTree = "<group>"; };
		C3A1520E15722A7C006590AF /* SBJsonStreamWriterState.h */ = {isa = PBXFileReference; fileEncoding = 4; lastKnownFileType = sourcecode.c.h; path = SBJsonStreamWriterState.h; sourceTree = "<group>"; };
		C3A1520F15722A7C006590AF /* SBJsonStreamWriterState.m */ = {isa = PBXFileReference; fileEncoding = 4; lastKnownFileType = sourcecode.c.objc; path = SBJsonStreamWriterState.m; sourceTree = "<group>"; };
		C3A1521015722A7C006590AF /* SBJsonTokeniser.h */ = {isa = PBXFileReference; fileEncoding = 4; lastKnownFileType = sourcecode.c.h; path = SBJsonTokeniser.h; sourceTree = "<group>"; };
		C3A1521115722A7D006590AF /* SBJsonTokeniser.m */ = {isa = PBXFileReference; fileEncoding = 4; lastKnownFileType = sourcecode.c.objc; path = SBJsonTokeniser.m; sourceTree = "<group>"; };
		C3A1521215722A7D006590AF /* SBJsonUTF8Stream.h */ = {isa = PBXFileReference; fileEncoding = 4; lastKnownFileType = sourcecode.c.h; path = SBJsonUTF8Stream.h; sourceTree = "<group>"; };
		C3A1521315722A7D006590AF /* SBJsonUTF8Stream.m */ = {isa = PBXFileReference; fileEncoding = 4; lastKnownFileType = sourcecode.c.objc; path = SBJsonUTF8Stream.m; sourceTree = "<group>"; };
		C3A1521415722A7D006590AF /* SBJsonWriter.h */ = {isa = PBXFileReference; fileEncoding = 4; lastKnownFileType = sourcecode.c.h; path = SBJsonWriter.h; sourceTree = "<group>"; };
		C3A1521515722A7D006590AF /* SBJsonWriter.m */ = {isa = PBXFileReference; fileEncoding = 4; lastKnownFileType = sourcecode.c.objc; path = SBJsonWriter.m; sourceTree = "<group>"; };
		C3A4DD2B15935A2F0041EF5D /* MCApiQuery.h */ = {isa = PBXFileReference; fileEncoding = 4; lastKnownFileType = sourcecode.c.h; path = MCApiQuery.h; sourceTree = "<group>"; };
		C3A4DD2C15935A2F0041EF5D /* MCApiQuery.m */ = {isa = PBXFileReference; fileEncoding = 4; lastKnownFileType = sourcecode.c.objc; path = MCApiQuery.m; sourceTree = "<group>"; };
		C3A6F13F15B4432000E29085 /* luach.psd */ = {isa = PBXFileReference; lastKnownFileType = file; path = luach.psd; sourceTree = "<group>"; };
		C3BEA72715956C8D009B5F73 /* luach.png */ = {isa = PBXFileReference; lastKnownFileType = image.png; path = luach.png; sourceTree = "<group>"; };
		C3C66F0F159A050100939ADB /* infomation.h */ = {isa = PBXFileReference; fileEncoding = 4; lastKnownFileType = sourcecode.c.h; path = infomation.h; sourceTree = "<group>"; };
		C3C66F10159A050100939ADB /* infomation.m */ = {isa = PBXFileReference; fileEncoding = 4; lastKnownFileType = sourcecode.c.objc; path = infomation.m; sourceTree = "<group>"; };
		C3C66F11159A050100939ADB /* infomation.xib */ = {isa = PBXFileReference; fileEncoding = 4; lastKnownFileType = file.xib; path = infomation.xib; sourceTree = "<group>"; };
		C3C7F239156C7917004A7DA6 /* BackGroundImg.app */ = {isa = PBXFileReference; explicitFileType = wrapper.application; includeInIndex = 0; path = BackGroundImg.app; sourceTree = BUILT_PRODUCTS_DIR; };
		C3C7F23D156C7917004A7DA6 /* UIKit.framework */ = {isa = PBXFileReference; lastKnownFileType = wrapper.framework; name = UIKit.framework; path = System/Library/Frameworks/UIKit.framework; sourceTree = SDKROOT; };
		C3C7F23F156C7917004A7DA6 /* Foundation.framework */ = {isa = PBXFileReference; lastKnownFileType = wrapper.framework; name = Foundation.framework; path = System/Library/Frameworks/Foundation.framework; sourceTree = SDKROOT; };
		C3C7F241156C7917004A7DA6 /* CoreGraphics.framework */ = {isa = PBXFileReference; lastKnownFileType = wrapper.framework; name = CoreGraphics.framework; path = System/Library/Frameworks/CoreGraphics.framework; sourceTree = SDKROOT; };
		C3C7F245156C7917004A7DA6 /* BackGroundImg-Info.plist */ = {isa = PBXFileReference; lastKnownFileType = text.plist.xml; path = "BackGroundImg-Info.plist"; sourceTree = "<group>"; };
		C3C7F247156C7917004A7DA6 /* en */ = {isa = PBXFileReference; lastKnownFileType = text.plist.strings; name = en; path = en.lproj/InfoPlist.strings; sourceTree = "<group>"; };
		C3C7F249156C7917004A7DA6 /* main.m */ = {isa = PBXFileReference; lastKnownFileType = sourcecode.c.objc; path = main.m; sourceTree = "<group>"; };
		C3C7F24B156C7917004A7DA6 /* BackGroundImg-Prefix.pch */ = {isa = PBXFileReference; lastKnownFileType = sourcecode.c.h; path = "BackGroundImg-Prefix.pch"; sourceTree = "<group>"; };
		C3C7F24C156C7917004A7DA6 /* AppDelegate.h */ = {isa = PBXFileReference; path = AppDelegate.h; sourceTree = "<group>"; };
		C3C7F24D156C7917004A7DA6 /* AppDelegate.m */ = {isa = PBXFileReference; lastKnownFileType = sourcecode.c.objc; path = AppDelegate.m; sourceTree = "<group>"; };
		C3C7F24F156C7917004A7DA6 /* ViewController.h */ = {isa = PBXFileReference; lastKnownFileType = sourcecode.c.h; path = ViewController.h; sourceTree = "<group>"; };
		C3C7F250156C7917004A7DA6 /* ViewController.m */ = {isa = PBXFileReference; lastKnownFileType = sourcecode.c.objc; path = ViewController.m; sourceTree = "<group>"; };
		C3C7F253156C7917004A7DA6 /* en */ = {isa = PBXFileReference; lastKnownFileType = file.xib; name = en; path = en.lproj/ViewController.xib; sourceTree = "<group>"; };
		C3CAFA9415B644620052844E /* HFViewController.h */ = {isa = PBXFileReference; fileEncoding = 4; lastKnownFileType = sourcecode.c.h; path = HFViewController.h; sourceTree = "<group>"; };
		C3CAFA9515B644620052844E /* HFViewController.m */ = {isa = PBXFileReference; fileEncoding = 4; lastKnownFileType = sourcecode.c.objc; path = HFViewController.m; sourceTree = "<group>"; };
		C3CAFA9715B6446B0052844E /* HFViewController.xib */ = {isa = PBXFileReference; fileEncoding = 4; lastKnownFileType = file.xib; path = HFViewController.xib; sourceTree = "<group>"; };
		C3CAFA9915B647320052844E /* GlobalVar.h */ = {isa = PBXFileReference; fileEncoding = 4; lastKnownFileType = sourcecode.c.h; name = GlobalVar.h; path = GlobalVar/GlobalVar.h; sourceTree = "<group>"; };
		C3CAFA9A15B647320052844E /* GlobalVar.m */ = {isa = PBXFileReference; fileEncoding = 4; lastKnownFileType = sourcecode.c.objc; name = GlobalVar.m; path = GlobalVar/GlobalVar.m; sourceTree = "<group>"; };
		C3CB76F215B7C76800292B48 /* StoreKit.framework */ = {isa = PBXFileReference; lastKnownFileType = wrapper.framework; name = StoreKit.framework; path = System/Library/Frameworks/StoreKit.framework; sourceTree = SDKROOT; };
		C3CFF4FB158C8D4D00F611C6 /* Downloader.h */ = {isa = PBXFileReference; lastKnownFileType = sourcecode.c.h; path = Downloader.h; sourceTree = "<group>"; };
		C3CFF4FC158C8D4D00F611C6 /* Downloader.m */ = {isa = PBXFileReference; lastKnownFileType = sourcecode.c.objc; path = Downloader.m; sourceTree = "<group>"; };
		C3CFF4FE158C8E0200F611C6 /* WebPictureViewController.m */ = {isa = PBXFileReference; lastKnownFileType = sourcecode.c.objc; path = WebPictureViewController.m; sourceTree = "<group>"; };
		C3CFF4FF158C8E0200F611C6 /* WebPictureViewController.xib */ = {isa = PBXFileReference; lastKnownFileType = file.xib; path = WebPictureViewController.xib; sourceTree = "<group>"; };
		C3CFF500158C8E0200F611C6 /* WebPictureViewController.h */ = {isa = PBXFileReference; lastKnownFileType = sourcecode.c.h; path = WebPictureViewController.h; sourceTree = "<group>"; };
		C3E1C92015B2D6F3006815A6 /* AppRecord.h */ = {isa = PBXFileReference; fileEncoding = 4; lastKnownFileType = sourcecode.c.h; name = AppRecord.h; path = Lazy/AppRecord.h; sourceTree = "<group>"; };
		C3E1C92115B2D6F3006815A6 /* AppRecord.m */ = {isa = PBXFileReference; fileEncoding = 4; lastKnownFileType = sourcecode.c.objc; name = AppRecord.m; path = Lazy/AppRecord.m; sourceTree = "<group>"; };
		C3E1C92215B2D6F3006815A6 /* IconDownloader.h */ = {isa = PBXFileReference; fileEncoding = 4; lastKnownFileType = sourcecode.c.h; name = IconDownloader.h; path = Lazy/IconDownloader.h; sourceTree = "<group>"; };
		C3E1C92315B2D6F3006815A6 /* IconDownloader.m */ = {isa = PBXFileReference; fileEncoding = 4; lastKnownFileType = sourcecode.c.objc; name = IconDownloader.m; path = Lazy/IconDownloader.m; sourceTree = "<group>"; };
		C3E5176415833F4C00227661 /* httpaddress.h */ = {isa = PBXFileReference; lastKnownFileType = sourcecode.c.h; path = httpaddress.h; sourceTree = "<group>"; };
		C3E5176515833F4C00227661 /* httpaddress.m */ = {isa = PBXFileReference; lastKnownFileType = sourcecode.c.objc; path = httpaddress.m; sourceTree = "<group>"; };
		C3E517AF1583474100227661 /* TableViewController.h */ = {isa = PBXFileReference; fileEncoding = 4; lastKnownFileType = sourcecode.c.h; path = TableViewController.h; sourceTree = "<group>"; };
		C3E517B01583474200227661 /* TableViewController.m */ = {isa = PBXFileReference; fileEncoding = 4; lastKnownFileType = sourcecode.c.objc; path = TableViewController.m; sourceTree = "<group>"; };
		C3E517B11583474200227661 /* TableViewController.xib */ = {isa = PBXFileReference; fileEncoding = 4; lastKnownFileType = file.xib; path = TableViewController.xib; sourceTree = "<group>"; };
		C3E7A55515ABFA290002691E /* ImageManipulator2.h */ = {isa = PBXFileReference; fileEncoding = 4; lastKnownFileType = sourcecode.c.h; name = ImageManipulator2.h; path = ../ImageManipulator2.h; sourceTree = "<group>"; };
		C3E7A55615ABFA290002691E /* ImageManipulator2.m */ = {isa = PBXFileReference; fileEncoding = 4; lastKnownFileType = sourcecode.c.objc; name = ImageManipulator2.m; path = ../ImageManipulator2.m; sourceTree = "<group>"; };
		C3E84249158C6C7D002C047A /* MBProgressHUD.h */ = {isa = PBXFileReference; fileEncoding = 4; lastKnownFileType = sourcecode.c.h; path = MBProgressHUD.h; sourceTree = "<group>"; };
		C3E8424A158C6C7D002C047A /* MBProgressHUD.m */ = {isa = PBXFileReference; fileEncoding = 4; lastKnownFileType = sourcecode.c.objc; path = MBProgressHUD.m; sourceTree = "<group>"; };
		C3EAFD09159B484F00274481 /* main.png */ = {isa = PBXFileReference; lastKnownFileType = image.png; path = main.png; sourceTree = "<group>"; };
		C3EAFD0B159B48D700274481 /* luach@X2.png */ = {isa = PBXFileReference; lastKnownFileType = image.png; path = "luach@X2.png"; sourceTree = "<group>"; };
		C3EAFD15159B664A00274481 /* 320.png */ = {isa = PBXFileReference; lastKnownFileType = image.png; path = 320.png; sourceTree = "<group>"; };
		C3EAFD17159B666000274481 /* 배경바꿔_아이튠즈_512.png */ = {isa = PBXFileReference; lastKnownFileType = image.png; path = "배경바꿔_아이튠즈_512.png"; sourceTree = "<group>"; };
		C3EAFD19159B666400274481 /* icon@2x.png */ = {isa = PBXFileReference; lastKnownFileType = image.png; path = "icon@2x.png"; sourceTree = "<group>"; };
		C3EAFD1B159B667900274481 /* Default.png */ = {isa = PBXFileReference; lastKnownFileType = image.png; name = Default.png; path = ../Default.png; sourceTree = "<group>"; };
		C3EAFD1D159B667C00274481 /* Default@2x.png */ = {isa = PBXFileReference; lastKnownFileType = image.png; name = "Default@2x.png"; path = "../Default@2x.png"; sourceTree = "<group>"; };
		C3EAFD1F159B668200274481 /* icon2x.png */ = {isa = PBXFileReference; lastKnownFileType = image.png; name = icon2x.png; path = ../icon2x.png; sourceTree = "<group>"; };
		C3EAFD23159B66F200274481 /* icon.png */ = {isa = PBXFileReference; lastKnownFileType = image.png; name = icon.png; path = ../icon.png; sourceTree = "<group>"; };
/* End PBXFileReference section */

/* Begin PBXFrameworksBuildPhase section */
		C3C7F236156C7917004A7DA6 /* Frameworks */ = {
			isa = PBXFrameworksBuildPhase;
			buildActionMask = 2147483647;
			files = (
				C3CB76F315B7C76800292B48 /* StoreKit.framework in Frameworks */,
				C33A57CA15B5A82200233621 /* libsqlite3.0.dylib in Frameworks */,
				C38CEFC415B2F74700EA08F0 /* SystemConfiguration.framework in Frameworks */,
				C38CEFC015B2F6B800EA08F0 /* AudioToolbox.framework in Frameworks */,
				C349790F159FE3FB00C86F6A /* MessageUI.framework in Frameworks */,
				C3C7F23E156C7917004A7DA6 /* UIKit.framework in Frameworks */,
				C3C7F240156C7917004A7DA6 /* Foundation.framework in Frameworks */,
				C3C7F242156C7917004A7DA6 /* CoreGraphics.framework in Frameworks */,
				C3738E1C15A4A27200AAC92E /* libGoogleAdMobAds.a in Frameworks */,
				C33A57C515B5A6C800233621 /* FBiOSSDK.framework in Frameworks */,
			);
			runOnlyForDeploymentPostprocessing = 0;
		};
/* End PBXFrameworksBuildPhase section */

/* Begin PBXGroup section */
		C305E607158E2A1A009B97B8 /* Downloader */ = {
			isa = PBXGroup;
			children = (
				C3CFF4FB158C8D4D00F611C6 /* Downloader.h */,
				C3CFF4FC158C8D4D00F611C6 /* Downloader.m */,
			);
			name = Downloader;
			sourceTree = "<group>";
		};
		C3738E0915A4A26100AAC92E /* admob */ = {
			isa = PBXGroup;
			children = (
				C3738E0A15A4A27200AAC92E /* GADAdMobExtras.h */,
				C3738E0B15A4A27200AAC92E /* GADAdNetworkExtras.h */,
				C3738E0C15A4A27200AAC92E /* GADAdSize.h */,
				C3738E0D15A4A27200AAC92E /* GADBannerView.h */,
				C3738E0E15A4A27200AAC92E /* GADBannerViewDelegate.h */,
				C3738E0F15A4A27200AAC92E /* GADInterstitial.h */,
				C3738E1015A4A27200AAC92E /* GADInterstitialDelegate.h */,
				C3738E1115A4A27200AAC92E /* GADRequest.h */,
				C3738E1215A4A27200AAC92E /* GADRequestError.h */,
				C3738E1315A4A27200AAC92E /* libGoogleAdMobAds.a */,
				C3738E1415A4A27200AAC92E /* Mediation */,
				C3738E1B15A4A27200AAC92E /* README.txt */,
			);
			name = admob;
			sourceTree = "<group>";
		};
		C3738E1415A4A27200AAC92E /* Mediation */ = {
			isa = PBXGroup;
			children = (
				C3738E1515A4A27200AAC92E /* GADCustomEventBanner.h */,
				C3738E1615A4A27200AAC92E /* GADCustomEventBannerDelegate.h */,
				C3738E1715A4A27200AAC92E /* GADCustomEventExtras.h */,
				C3738E1815A4A27200AAC92E /* GADCustomEventInterstitial.h */,
				C3738E1915A4A27200AAC92E /* GADCustomEventInterstitialDelegate.h */,
				C3738E1A15A4A27200AAC92E /* GADCustomEventRequest.h */,
			);
			path = Mediation;
			sourceTree = "<group>";
		};
		C3A1522215722A82006590AF /* Json */ = {
			isa = PBXGroup;
			children = (
				C3A151FD15722A7C006590AF /* NSObject+SBJson.h */,
				C3A151FE15722A7C006590AF /* NSObject+SBJson.m */,
				C3A151FF15722A7C006590AF /* SBJson.h */,
				C3A1520015722A7C006590AF /* SBJsonParser.h */,
				C3A1520115722A7C006590AF /* SBJsonParser.m */,
				C3A1520215722A7C006590AF /* SBJsonStreamParser.h */,
				C3A1520315722A7C006590AF /* SBJsonStreamParser.m */,
				C3A1520415722A7C006590AF /* SBJsonStreamParserAccumulator.h */,
				C3A1520515722A7C006590AF /* SBJsonStreamParserAccumulator.m */,
				C3A1520615722A7C006590AF /* SBJsonStreamParserAdapter.h */,
				C3A1520715722A7C006590AF /* SBJsonStreamParserAdapter.m */,
				C3A1520815722A7C006590AF /* SBJsonStreamParserState.h */,
				C3A1520915722A7C006590AF /* SBJsonStreamParserState.m */,
				C3A1520A15722A7C006590AF /* SBJsonStreamWriter.h */,
				C3A1520B15722A7C006590AF /* SBJsonStreamWriter.m */,
				C3A1520C15722A7C006590AF /* SBJsonStreamWriterAccumulator.h */,
				C3A1520D15722A7C006590AF /* SBJsonStreamWriterAccumulator.m */,
				C3A1520E15722A7C006590AF /* SBJsonStreamWriterState.h */,
				C3A1520F15722A7C006590AF /* SBJsonStreamWriterState.m */,
				C3A1521015722A7C006590AF /* SBJsonTokeniser.h */,
				C3A1521115722A7D006590AF /* SBJsonTokeniser.m */,
				C3A1521215722A7D006590AF /* SBJsonUTF8Stream.h */,
				C3A1521315722A7D006590AF /* SBJsonUTF8Stream.m */,
				C3A1521415722A7D006590AF /* SBJsonWriter.h */,
				C3A1521515722A7D006590AF /* SBJsonWriter.m */,
			);
			name = Json;
			path = ..;
			sourceTree = "<group>";
		};
		C3A4DD2915935A200041EF5D /* Upload */ = {
			isa = PBXGroup;
			children = (
				C3A4DD2B15935A2F0041EF5D /* MCApiQuery.h */,
				C3A4DD2C15935A2F0041EF5D /* MCApiQuery.m */,
			);
			name = Upload;
			sourceTree = "<group>";
		};
		C3C7F22E156C7917004A7DA6 = {
			isa = PBXGroup;
			children = (
				C3C7F243156C7917004A7DA6 /* BackGroundImg */,
				C3C7F23C156C7917004A7DA6 /* Frameworks */,
				C3C7F23A156C7917004A7DA6 /* Products */,
			);
			sourceTree = "<group>";
		};
		C3C7F23A156C7917004A7DA6 /* Products */ = {
			isa = PBXGroup;
			children = (
				C3C7F239156C7917004A7DA6 /* BackGroundImg.app */,
			);
			name = Products;
			sourceTree = "<group>";
		};
		C3C7F23C156C7917004A7DA6 /* Frameworks */ = {
			isa = PBXGroup;
			children = (
				C3CB76F215B7C76800292B48 /* StoreKit.framework */,
				C33A57C915B5A82200233621 /* libsqlite3.0.dylib */,
				C33A57C715B5A6D000233621 /* FBiOSSDKResources.bundle */,
				C33A57C415B5A6C800233621 /* FBiOSSDK.framework */,
				C38CEFC315B2F74700EA08F0 /* SystemConfiguration.framework */,
				C38CEFBF15B2F6B800EA08F0 /* AudioToolbox.framework */,
				C349790E159FE3FB00C86F6A /* MessageUI.framework */,
				C3C7F23D156C7917004A7DA6 /* UIKit.framework */,
				C3C7F23F156C7917004A7DA6 /* Foundation.framework */,
				C3C7F241156C7917004A7DA6 /* CoreGraphics.framework */,
			);
			name = Frameworks;
			sourceTree = "<group>";
		};
		C3C7F243156C7917004A7DA6 /* BackGroundImg */ = {
			isa = PBXGroup;
			children = (
				C3E84247158C6C7D002C047A /* Library */,
				C3CAFA9715B6446B0052844E /* HFViewController.xib */,
				C3CAFA9415B644620052844E /* HFViewController.h */,
				C3CAFA9515B644620052844E /* HFViewController.m */,
				C3C66F0F159A050100939ADB /* infomation.h */,
				C3C66F10159A050100939ADB /* infomation.m */,
				C3C66F11159A050100939ADB /* infomation.xib */,
				C3E7A55515ABFA290002691E /* ImageManipulator2.h */,
				C3E7A55615ABFA290002691E /* ImageManipulator2.m */,
				C306B0A31594777D00CDACCD /* imgupload.h */,
				C306B0A41594777D00CDACCD /* imgupload.m */,
				C306B0A51594777D00CDACCD /* imgupload.xib */,
				C3CFF4FE158C8E0200F611C6 /* WebPictureViewController.m */,
				C3CFF4FF158C8E0200F611C6 /* WebPictureViewController.xib */,
				C3CFF500158C8E0200F611C6 /* WebPictureViewController.h */,
				C31BA40C1584ED77002C5DC6 /* CustomCell.h */,
				C31BA40D1584ED77002C5DC6 /* CustomCell.m */,
				C31BA40E1584ED77002C5DC6 /* CustomCell.xib */,
				C3E517AF1583474100227661 /* TableViewController.h */,
				C3E517B01583474200227661 /* TableViewController.m */,
				C3E517B11583474200227661 /* TableViewController.xib */,
				C3E5176415833F4C00227661 /* httpaddress.h */,
				C3E5176515833F4C00227661 /* httpaddress.m */,
				C3C7F24C156C7917004A7DA6 /* AppDelegate.h */,
				C3C7F24D156C7917004A7DA6 /* AppDelegate.m */,
				C3C7F24F156C7917004A7DA6 /* ViewController.h */,
				C3C7F250156C7917004A7DA6 /* ViewController.m */,
				C3C7F252156C7917004A7DA6 /* ViewController.xib */,
				C3C7F244156C7917004A7DA6 /* Supporting Files */,
			);
			path = BackGroundImg;
			sourceTree = "<group>";
		};
		C3C7F244156C7917004A7DA6 /* Supporting Files */ = {
			isa = PBXGroup;
			children = (
				C3A6F13F15B4432000E29085 /* luach.psd */,
				C3EAFD23159B66F200274481 /* icon.png */,
				C3EAFD1F159B668200274481 /* icon2x.png */,
				C3EAFD1D159B667C00274481 /* Default@2x.png */,
				C3EAFD1B159B667900274481 /* Default.png */,
				C3EAFD19159B666400274481 /* icon@2x.png */,
				C3EAFD17159B666000274481 /* 배경바꿔_아이튠즈_512.png */,
				C3EAFD15159B664A00274481 /* 320.png */,
				C3EAFD0B159B48D700274481 /* luach@X2.png */,
				C3EAFD09159B484F00274481 /* main.png */,
				C3BEA72715956C8D009B5F73 /* luach.png */,
				C3C7F245156C7917004A7DA6 /* BackGroundImg-Info.plist */,
				C3C7F246156C7917004A7DA6 /* InfoPlist.strings */,
				C3C7F249156C7917004A7DA6 /* main.m */,
				C3C7F24B156C7917004A7DA6 /* BackGroundImg-Prefix.pch */,
			);
			name = "Supporting Files";
			sourceTree = "<group>";
		};
		C3CAFA9C15B647360052844E /* GlobalVar */ = {
			isa = PBXGroup;
			children = (
				C3CAFA9915B647320052844E /* GlobalVar.h */,
				C3CAFA9A15B647320052844E /* GlobalVar.m */,
			);
			name = GlobalVar;
			sourceTree = "<group>";
		};
		C3CCE1AD1590D4500075BDEE /* Lazy */ = {
			isa = PBXGroup;
			children = (
				C3E1C92015B2D6F3006815A6 /* AppRecord.h */,
				C3E1C92115B2D6F3006815A6 /* AppRecord.m */,
				C3E1C92215B2D6F3006815A6 /* IconDownloader.h */,
				C3E1C92315B2D6F3006815A6 /* IconDownloader.m */,
			);
			name = Lazy;
			sourceTree = "<group>";
		};
		C3E84247158C6C7D002C047A /* Library */ = {
			isa = PBXGroup;
			children = (
				C3CAFA9C15B647360052844E /* GlobalVar */,
				C3A1522215722A82006590AF /* Json */,
				C3738E0915A4A26100AAC92E /* admob */,
				C3A4DD2915935A200041EF5D /* Upload */,
				C3CCE1AD1590D4500075BDEE /* Lazy */,
				C305E607158E2A1A009B97B8 /* Downloader */,
				C3E84248158C6C7D002C047A /* MBProgressHUD */,
			);
			path = Library;
			sourceTree = "<group>";
		};
		C3E84248158C6C7D002C047A /* MBProgressHUD */ = {
			isa = PBXGroup;
			children = (
				C3E84249158C6C7D002C047A /* MBProgressHUD.h */,
				C3E8424A158C6C7D002C047A /* MBProgressHUD.m */,
			);
			path = MBProgressHUD;
			sourceTree = "<group>";
		};
/* End PBXGroup section */

/* Begin PBXNativeTarget section */
		C3C7F238156C7917004A7DA6 /* BackGroundImg */ = {
			isa = PBXNativeTarget;
			buildConfigurationList = C3C7F257156C7917004A7DA6 /* Build configuration list for PBXNativeTarget "BackGroundImg" */;
			buildPhases = (
				C3C7F235156C7917004A7DA6 /* Sources */,
				C3C7F236156C7917004A7DA6 /* Frameworks */,
				C3C7F237156C7917004A7DA6 /* Resources */,
			);
			buildRules = (
			);
			dependencies = (
			);
			name = BackGroundImg;
			productName = BackGroundImg;
			productReference = C3C7F239156C7917004A7DA6 /* BackGroundImg.app */;
			productType = "com.apple.product-type.application";
		};
/* End PBXNativeTarget section */

/* Begin PBXProject section */
		C3C7F230156C7917004A7DA6 /* Project object */ = {
			isa = PBXProject;
			attributes = {
				LastUpgradeCheck = 0430;
			};
			buildConfigurationList = C3C7F233156C7917004A7DA6 /* Build configuration list for PBXProject "BackGroundImg" */;
			compatibilityVersion = "Xcode 3.2";
			developmentRegion = English;
			hasScannedForEncodings = 0;
			knownRegions = (
				en,
			);
			mainGroup = C3C7F22E156C7917004A7DA6;
			productRefGroup = C3C7F23A156C7917004A7DA6 /* Products */;
			projectDirPath = "";
			projectRoot = "";
			targets = (
				C3C7F238156C7917004A7DA6 /* BackGroundImg */,
			);
		};
/* End PBXProject section */

/* Begin PBXResourcesBuildPhase section */
		C3C7F237156C7917004A7DA6 /* Resources */ = {
			isa = PBXResourcesBuildPhase;
			buildActionMask = 2147483647;
			files = (
				C3C7F248156C7917004A7DA6 /* InfoPlist.strings in Resources */,
				C3C7F254156C7917004A7DA6 /* ViewController.xib in Resources */,
				C3E517B31583474200227661 /* TableViewController.xib in Resources */,
				C31BA4101584ED77002C5DC6 /* CustomCell.xib in Resources */,
				C306B0A71594777D00CDACCD /* imgupload.xib in Resources */,
				C3BEA72915956C8D009B5F73 /* luach.png in Resources */,
				C3C66F13159A050100939ADB /* infomation.xib in Resources */,
				C3EAFD0A159B484F00274481 /* main.png in Resources */,
				C3EAFD0C159B48D700274481 /* luach@X2.png in Resources */,
				C3EAFD16159B664A00274481 /* 320.png in Resources */,
				C3EAFD18159B666000274481 /* 배경바꿔_아이튠즈_512.png in Resources */,
				C3EAFD1C159B667900274481 /* Default.png in Resources */,
				C3EAFD1E159B667C00274481 /* Default@2x.png in Resources */,
				C3EAFD24159B66F200274481 /* icon.png in Resources */,
				C3738E1D15A4A27200AAC92E /* README.txt in Resources */,
				C3738E1E15A4A73300AAC92E /* icon2x.png in Resources */,
				C3A6F14015B4432000E29085 /* luach.psd in Resources */,
				C33A57C815B5A6D000233621 /* FBiOSSDKResources.bundle in Resources */,
				C3CAFA9815B6446C0052844E /* HFViewController.xib in Resources */,
			);
			runOnlyForDeploymentPostprocessing = 0;
		};
/* End PBXResourcesBuildPhase section */

/* Begin PBXSourcesBuildPhase section */
		C3C7F235156C7917004A7DA6 /* Sources */ = {
			isa = PBXSourcesBuildPhase;
			buildActionMask = 2147483647;
			files = (
				C3CFF508158C97FF00F611C6 /* Downloader.h in Sources */,
				C3CFF509158C97FF00F611C6 /* Downloader.m in Sources */,
				C3CFF505158C97EB00F611C6 /* WebPictureViewController.m in Sources */,
				C3CFF506158C97EB00F611C6 /* WebPictureViewController.xib in Sources */,
				C3CFF507158C97EB00F611C6 /* WebPictureViewController.h in Sources */,
				C3E517B415834DC100227661 /* httpaddress.h in Sources */,
				C3E517B515834DC100227661 /* httpaddress.m in Sources */,
				C3C7F24A156C7917004A7DA6 /* main.m in Sources */,
				C3C7F24E156C7917004A7DA6 /* AppDelegate.m in Sources */,
				C3C7F251156C7917004A7DA6 /* ViewController.m in Sources */,
				C3A1521615722A7D006590AF /* NSObject+SBJson.m in Sources */,
				C3A1521715722A7D006590AF /* SBJsonParser.m in Sources */,
				C3A1521815722A7D006590AF /* SBJsonStreamParser.m in Sources */,
				C3A1521915722A7D006590AF /* SBJsonStreamParserAccumulator.m in Sources */,
				C3A1521A15722A7D006590AF /* SBJsonStreamParserAdapter.m in Sources */,
				C3A1521B15722A7D006590AF /* SBJsonStreamParserState.m in Sources */,
				C3A1521C15722A7D006590AF /* SBJsonStreamWriter.m in Sources */,
				C3A1521D15722A7D006590AF /* SBJsonStreamWriterAccumulator.m in Sources */,
				C3A1521E15722A7D006590AF /* SBJsonStreamWriterState.m in Sources */,
				C3A1521F15722A7D006590AF /* SBJsonTokeniser.m in Sources */,
				C3A1522015722A7D006590AF /* SBJsonUTF8Stream.m in Sources */,
				C3A1522115722A7D006590AF /* SBJsonWriter.m in Sources */,
				C3E517B21583474200227661 /* TableViewController.m in Sources */,
				C31BA40F1584ED77002C5DC6 /* CustomCell.m in Sources */,
				C3E8424B158C6C7D002C047A /* MBProgressHUD.m in Sources */,
				C3A4DD2D15935A2F0041EF5D /* MCApiQuery.m in Sources */,
				C306B0A61594777D00CDACCD /* imgupload.m in Sources */,
				C3C66F12159A050100939ADB /* infomation.m in Sources */,
				C3E7A55715ABFA290002691E /* ImageManipulator2.m in Sources */,
				C3E1C92415B2D6F3006815A6 /* AppRecord.m in Sources */,
				C3E1C92515B2D6F3006815A6 /* IconDownloader.m in Sources */,
				C3CAFA9615B644620052844E /* HFViewController.m in Sources */,
				C3CAFA9B15B647320052844E /* GlobalVar.m in Sources */,
			);
			runOnlyForDeploymentPostprocessing = 0;
		};
/* End PBXSourcesBuildPhase section */

/* Begin PBXVariantGroup section */
		C3C7F246156C7917004A7DA6 /* InfoPlist.strings */ = {
			isa = PBXVariantGroup;
			children = (
				C3C7F247156C7917004A7DA6 /* en */,
			);
			name = InfoPlist.strings;
			sourceTree = "<group>";
		};
		C3C7F252156C7917004A7DA6 /* ViewController.xib */ = {
			isa = PBXVariantGroup;
			children = (
				C3C7F253156C7917004A7DA6 /* en */,
			);
			name = ViewController.xib;
			sourceTree = "<group>";
		};
/* End PBXVariantGroup section */

/* Begin XCBuildConfiguration section */
		C3C7F255156C7917004A7DA6 /* Debug */ = {
			isa = XCBuildConfiguration;
			buildSettings = {
				ALWAYS_SEARCH_USER_PATHS = NO;
				ARCHS = "$(ARCHS_STANDARD_32_BIT)";
				CLANG_ENABLE_OBJC_ARC = YES;
				CODE_SIGN_IDENTITY = "";
				"CODE_SIGN_IDENTITY[sdk=iphoneos*]" = "iPhone Distribution: Noa Ham";
				COPY_PHASE_STRIP = NO;
				GCC_C_LANGUAGE_STANDARD = gnu99;
				GCC_DYNAMIC_NO_PIC = NO;
				GCC_OPTIMIZATION_LEVEL = 0;
				GCC_PREPROCESSOR_DEFINITIONS = (
					"DEBUG=1",
					"$(inherited)",
				);
				GCC_SYMBOLS_PRIVATE_EXTERN = NO;
				GCC_VERSION = com.apple.compilers.llvm.clang.1_0;
				GCC_WARN_ABOUT_RETURN_TYPE = YES;
				GCC_WARN_UNINITIALIZED_AUTOS = YES;
				GCC_WARN_UNUSED_VARIABLE = YES;
				IPHONEOS_DEPLOYMENT_TARGET = 5.1;
				"PROVISIONING_PROFILE[sdk=iphoneos*]" = "";
				SDKROOT = iphoneos;
			};
			name = Debug;
		};
		C3C7F256156C7917004A7DA6 /* Release */ = {
			isa = XCBuildConfiguration;
			buildSettings = {
				ALWAYS_SEARCH_USER_PATHS = NO;
				ARCHS = "$(ARCHS_STANDARD_32_BIT)";
				CLANG_ENABLE_OBJC_ARC = YES;
				CODE_SIGN_IDENTITY = "iPhone Distribution: Noa Ham";
				"CODE_SIGN_IDENTITY[sdk=iphoneos*]" = "iPhone Distribution: Noa Ham";
				"CODE_SIGN_IDENTITY[sdk=iphoneos5.1]" = "iPhone Distribution: Noa Ham";
				COPY_PHASE_STRIP = YES;
				GCC_C_LANGUAGE_STANDARD = gnu99;
				GCC_VERSION = com.apple.compilers.llvm.clang.1_0;
				GCC_WARN_ABOUT_RETURN_TYPE = YES;
				GCC_WARN_UNINITIALIZED_AUTOS = YES;
				GCC_WARN_UNUSED_VARIABLE = YES;
				IPHONEOS_DEPLOYMENT_TARGET = 5.1;
				OTHER_CFLAGS = "-DNS_BLOCK_ASSERTIONS=1";
				PROVISIONING_PROFILE = "7BD7C67E-245B-4624-8CB0-AE8457B3F3C7";
				"PROVISIONING_PROFILE[sdk=iphoneos*]" = "7BD7C67E-245B-4624-8CB0-AE8457B3F3C7";
				"PROVISIONING_PROFILE[sdk=iphoneos5.1]" = "7BD7C67E-245B-4624-8CB0-AE8457B3F3C7";
				SDKROOT = iphoneos;
				VALIDATE_PRODUCT = YES;
			};
			name = Release;
		};
		C3C7F258156C7917004A7DA6 /* Debug */ = {
			isa = XCBuildConfiguration;
			buildSettings = {
				CODE_SIGN_IDENTITY = "";
				"CODE_SIGN_IDENTITY[sdk=iphoneos*]" = "";
				FRAMEWORK_SEARCH_PATHS = (
					"$(inherited)",
					"\"$(SRCROOT)/BackGroundImg/Library\"",
				);
				GCC_PRECOMPILE_PREFIX_HEADER = YES;
				GCC_PREFIX_HEADER = "BackGroundImg/BackGroundImg-Prefix.pch";
				INFOPLIST_FILE = "BackGroundImg/BackGroundImg-Info.plist";
				LIBRARY_SEARCH_PATHS = (
					"$(inherited)",
					"\"$(SRCROOT)/Include\"",
					"\"$(SRCROOT)/BackGroundImg/Include\"",
					"\"$(SRCROOT)/BackGroundImg\"",
					"\"$(SRCROOT)/BackGroundImg/Library\"",
					"\"$(SRCROOT)/BackGroundImg/Library/adlibrTest/ads/ads_platform/reward_platforms/InMobi iOS SDK Bundle\"",
					"\"$(SRCROOT)/BackGroundImg/Library/adlibrTest/ads/lib\"",
				);
				OTHER_LDFLAGS = "";
				PRODUCT_NAME = "$(TARGET_NAME)";
				WRAPPER_EXTENSION = app;
			};
			name = Debug;
		};
		C3C7F259156C7917004A7DA6 /* Release */ = {
			isa = XCBuildConfiguration;
			buildSettings = {
				CODE_SIGN_IDENTITY = "iPhone Distribution: Noa Ham";
				"CODE_SIGN_IDENTITY[sdk=iphoneos5.1]" = "iPhone Distribution: Noa Ham";
				FRAMEWORK_SEARCH_PATHS = (
					"$(inherited)",
					"\"$(SRCROOT)/BackGroundImg/Library\"",
				);
				GCC_PRECOMPILE_PREFIX_HEADER = YES;
				GCC_PREFIX_HEADER = "BackGroundImg/BackGroundImg-Prefix.pch";
				INFOPLIST_FILE = "BackGroundImg/BackGroundImg-Info.plist";
				LIBRARY_SEARCH_PATHS = (
					"$(inherited)",
					"\"$(SRCROOT)/Include\"",
					"\"$(SRCROOT)/BackGroundImg/Include\"",
					"\"$(SRCROOT)/BackGroundImg\"",
					"\"$(SRCROOT)/BackGroundImg/Library\"",
					"\"$(SRCROOT)/BackGroundImg/Library/adlibrTest/ads/ads_platform/reward_platforms/InMobi iOS SDK Bundle\"",
					"\"$(SRCROOT)/BackGroundImg/Library/adlibrTest/ads/lib\"",
				);
				OTHER_LDFLAGS = "";
				PRODUCT_NAME = "$(TARGET_NAME)";
				PROVISIONING_PROFILE = "7BD7C67E-245B-4624-8CB0-AE8457B3F3C7";
				"PROVISIONING_PROFILE[sdk=iphoneos5.1]" = "7BD7C67E-245B-4624-8CB0-AE8457B3F3C7";
				WRAPPER_EXTENSION = app;
			};
			name = Release;
		};
/* End XCBuildConfiguration section */

/* Begin XCConfigurationList section */
		C3C7F233156C7917004A7DA6 /* Build configuration list for PBXProject "BackGroundImg" */ = {
			isa = XCConfigurationList;
			buildConfigurations = (
				C3C7F255156C7917004A7DA6 /* Debug */,
				C3C7F256156C7917004A7DA6 /* Release */,
			);
			defaultConfigurationIsVisible = 0;
			defaultConfigurationName = Release;
		};
		C3C7F257156C7917004A7DA6 /* Build configuration list for PBXNativeTarget "BackGroundImg" */ = {
			isa = XCConfigurationList;
			buildConfigurations = (
				C3C7F258156C7917004A7DA6 /* Debug */,
				C3C7F259156C7917004A7DA6 /* Release */,
			);
			defaultConfigurationIsVisible = 0;
			defaultConfigurationName = Release;
		};
/* End XCConfigurationList section */
	};
	rootObject = C3C7F230156C7917004A7DA6 /* Project object */;
}
